
Microsoft Visual Studio Solution File, Format Version 12.00
# Visual Studio Version 17
VisualStudioVersion = 17.4.33213.308
MinimumVisualStudioVersion = 10.0.40219.1
Project("{9A19103F-16F7-4668-BE54-9A1E7A4F7556}") = "Hikyaku.Kaido", "src\Kaido\Hikyaku.Kaido\Hikyaku.Kaido.csproj", "{E1E567F0-1BDF-4DE9-86F8-12E6CAFEE1E7}"
EndProject
Project("{9A19103F-16F7-4668-BE54-9A1E7A4F7556}") = "Hikyaku.Kaido.RabbitMQ", "src\Kaido\Hikyaku.Kaido.RabbitMQ\Hikyaku.Kaido.RabbitMQ.csproj", "{7BC4AE47-FEB5-4404-B027-A30FAF581833}"
EndProject
Project("{9A19103F-16F7-4668-BE54-9A1E7A4F7556}") = "Hikyaku.Kaido.Kafka", "src\Kaido\Hikyaku.Kaido.Kafka\Hikyaku.Kaido.Kafka.csproj", "{52E67D98-DE21-4434-AB34-5FF4FB70C5E7}"
EndProject
Project("{FAE04EC0-301F-11D3-BF4B-00C04F79EFBC}") = "Hikyaku.Kaido.GRPC", "src\Kaido\Hikyaku.Kaido.GRPC\Hikyaku.Kaido.GRPC.csproj", "{26449499-FBBC-4A2A-AE93-EB97A354BAA6}"
EndProject
Project("{2150E333-8FDC-42A3-9474-1A3956D46DE8}") = "Hikyaku", "Hikyaku", "{7BC751DF-966A-4419-9687-B939D073FFA9}"
EndProject
Project("{2150E333-8FDC-42A3-9474-1A3956D46DE8}") = "Kaido", "Kaido", "{6FB9519E-0DAE-4072-9C9C-4EAD2A736048}"
EndProject
Project("{FAE04EC0-301F-11D3-BF4B-00C04F79EFBC}") = "Hikyaku.Kaido.Stats", "src\Kaido\Hikyaku.Kaido.Stats\Hikyaku.Kaido.Stats.csproj", "{72B61E38-5CE2-4627-8405-16DCDAF91236}"
EndProject
Project("{FAE04EC0-301F-11D3-BF4B-00C04F79EFBC}") = "Axon.Flow.MCP.Server", "src\MCP\Hikyaku.MCP.Server\Axon.Flow.MCP.Server.csproj", "{6750B742-BA1B-4FAF-9F09-37D39244837A}"
EndProject
Project("{FAE04EC0-301F-11D3-BF4B-00C04F79EFBC}") = "Axon.Flow.MCP", "src\MCP\Hikyaku.MCP\Axon.Flow.MCP.csproj", "{6452FD58-2A2C-40EA-9330-261877077348}"
EndProject
Project("{FAE04EC0-301F-11D3-BF4B-00C04F79EFBC}") = "Hikyaku", "src\Hikyaku\Hikyaku\Hikyaku.csproj", "{18732C5D-2C5B-40AB-8BB3-65C4220649AE}"
EndProject
Project("{FAE04EC0-301F-11D3-BF4B-00C04F79EFBC}") = "Hikyaku.Contracts", "src\Hikyaku\Hikyaku.Contracts\Hikyaku.Contracts.csproj", "{6BE54C01-2AE7-4667-B29E-D1F0607C90F2}"
EndProject
Project("{2150E333-8FDC-42A3-9474-1A3956D46DE8}") = "MCP", "MCP", "{0DD3F4F9-451B-412B-A986-A3C782D65204}"
EndProject
Global
	GlobalSection(SolutionConfigurationPlatforms) = preSolution
		Debug|Any CPU = Debug|Any CPU
		Release|Any CPU = Release|Any CPU
	EndGlobalSection
	GlobalSection(ProjectConfigurationPlatforms) = postSolution
		{E1E567F0-1BDF-4DE9-86F8-12E6CAFEE1E7}.Debug|Any CPU.ActiveCfg = Debug|Any CPU
		{E1E567F0-1BDF-4DE9-86F8-12E6CAFEE1E7}.Debug|Any CPU.Build.0 = Debug|Any CPU
		{E1E567F0-1BDF-4DE9-86F8-12E6CAFEE1E7}.Release|Any CPU.ActiveCfg = Release|Any CPU
		{E1E567F0-1BDF-4DE9-86F8-12E6CAFEE1E7}.Release|Any CPU.Build.0 = Release|Any CPU
		{7BC4AE47-FEB5-4404-B027-A30FAF581833}.Debug|Any CPU.ActiveCfg = Debug|Any CPU
		{7BC4AE47-FEB5-4404-B027-A30FAF581833}.Debug|Any CPU.Build.0 = Debug|Any CPU
		{7BC4AE47-FEB5-4404-B027-A30FAF581833}.Release|Any CPU.ActiveCfg = Release|Any CPU
		{7BC4AE47-FEB5-4404-B027-A30FAF581833}.Release|Any CPU.Build.0 = Release|Any CPU
		{52E67D98-DE21-4434-AB34-5FF4FB70C5E7}.Debug|Any CPU.ActiveCfg = Debug|Any CPU
		{52E67D98-DE21-4434-AB34-5FF4FB70C5E7}.Debug|Any CPU.Build.0 = Debug|Any CPU
		{52E67D98-DE21-4434-AB34-5FF4FB70C5E7}.Release|Any CPU.ActiveCfg = Release|Any CPU
		{52E67D98-DE21-4434-AB34-5FF4FB70C5E7}.Release|Any CPU.Build.0 = Release|Any CPU
		{26449499-FBBC-4A2A-AE93-EB97A354BAA6}.Debug|Any CPU.ActiveCfg = Debug|Any CPU
		{26449499-FBBC-4A2A-AE93-EB97A354BAA6}.Debug|Any CPU.Build.0 = Debug|Any CPU
		{26449499-FBBC-4A2A-AE93-EB97A354BAA6}.Release|Any CPU.ActiveCfg = Release|Any CPU
		{26449499-FBBC-4A2A-AE93-EB97A354BAA6}.Release|Any CPU.Build.0 = Release|Any CPU
		{72B61E38-5CE2-4627-8405-16DCDAF91236}.Debug|Any CPU.ActiveCfg = Debug|Any CPU
		{72B61E38-5CE2-4627-8405-16DCDAF91236}.Debug|Any CPU.Build.0 = Debug|Any CPU
		{72B61E38-5CE2-4627-8405-16DCDAF91236}.Release|Any CPU.ActiveCfg = Release|Any CPU
		{72B61E38-5CE2-4627-8405-16DCDAF91236}.Release|Any CPU.Build.0 = Release|Any CPU
		{6750B742-BA1B-4FAF-9F09-37D39244837A}.Debug|Any CPU.ActiveCfg = Debug|Any CPU
		{6750B742-BA1B-4FAF-9F09-37D39244837A}.Debug|Any CPU.Build.0 = Debug|Any CPU
		{6750B742-BA1B-4FAF-9F09-37D39244837A}.Release|Any CPU.ActiveCfg = Release|Any CPU
		{6750B742-BA1B-4FAF-9F09-37D39244837A}.Release|Any CPU.Build.0 = Release|Any CPU
		{6452FD58-2A2C-40EA-9330-261877077348}.Debug|Any CPU.ActiveCfg = Debug|Any CPU
		{6452FD58-2A2C-40EA-9330-261877077348}.Debug|Any CPU.Build.0 = Debug|Any CPU
		{6452FD58-2A2C-40EA-9330-261877077348}.Release|Any CPU.ActiveCfg = Release|Any CPU
		{6452FD58-2A2C-40EA-9330-261877077348}.Release|Any CPU.Build.0 = Release|Any CPU
		{18732C5D-2C5B-40AB-8BB3-65C4220649AE}.Debug|Any CPU.ActiveCfg = Debug|Any CPU
		{18732C5D-2C5B-40AB-8BB3-65C4220649AE}.Debug|Any CPU.Build.0 = Debug|Any CPU
		{18732C5D-2C5B-40AB-8BB3-65C4220649AE}.Release|Any CPU.ActiveCfg = Release|Any CPU
		{18732C5D-2C5B-40AB-8BB3-65C4220649AE}.Release|Any CPU.Build.0 = Release|Any CPU
		{6BE54C01-2AE7-4667-B29E-D1F0607C90F2}.Debug|Any CPU.ActiveCfg = Debug|Any CPU
		{6BE54C01-2AE7-4667-B29E-D1F0607C90F2}.Debug|Any CPU.Build.0 = Debug|Any CPU
		{6BE54C01-2AE7-4667-B29E-D1F0607C90F2}.Release|Any CPU.ActiveCfg = Release|Any CPU
		{6BE54C01-2AE7-4667-B29E-D1F0607C90F2}.Release|Any CPU.Build.0 = Release|Any CPU
	EndGlobalSection
	GlobalSection(SolutionProperties) = preSolution
		HideSolutionNode = FALSE
	EndGlobalSection
	GlobalSection(NestedProjects) = preSolution
		{52E67D98-DE21-4434-AB34-5FF4FB70C5E7} = {6FB9519E-0DAE-4072-9C9C-4EAD2A736048}
		{7BC4AE47-FEB5-4404-B027-A30FAF581833} = {6FB9519E-0DAE-4072-9C9C-4EAD2A736048}
		{26449499-FBBC-4A2A-AE93-EB97A354BAA6} = {6FB9519E-0DAE-4072-9C9C-4EAD2A736048}
		{E1E567F0-1BDF-4DE9-86F8-12E6CAFEE1E7} = {6FB9519E-0DAE-4072-9C9C-4EAD2A736048}
		{72B61E38-5CE2-4627-8405-16DCDAF91236} = {6FB9519E-0DAE-4072-9C9C-4EAD2A736048}
		{18732C5D-2C5B-40AB-8BB3-65C4220649AE} = {7BC751DF-966A-4419-9687-B939D073FFA9}
		{6BE54C01-2AE7-4667-B29E-D1F0607C90F2} = {7BC751DF-966A-4419-9687-B939D073FFA9}
		{6452FD58-2A2C-40EA-9330-261877077348} = {0DD3F4F9-451B-412B-A986-A3C782D65204}
		{6750B742-BA1B-4FAF-9F09-37D39244837A} = {0DD3F4F9-451B-412B-A986-A3C782D65204}
	EndGlobalSection
	GlobalSection(ExtensibilityGlobals) = postSolution
		SolutionGuid = {EA2AB956-E48F-42AE-B669-D12BB549726A}
	EndGlobalSection
EndGlobal
